// !$*UTF8*$!
{
	archiveVersion = 1;
	classes = {
	};
	objectVersion = 50;
	objects = {

/* Begin PBXBuildFile section */
		0616E92D22F5C91500D7F96C /* PinOnGlass.framework in Frameworks */ = {isa = PBXBuildFile; fileRef = 0616E92C22F5C91500D7F96C /* PinOnGlass.framework */; };
		06F82F0F22F4B2A000F76EB1 /* AppDelegate.swift in Sources */ = {isa = PBXBuildFile; fileRef = 06F82F0E22F4B2A000F76EB1 /* AppDelegate.swift */; };
		06F82F1122F4B2A000F76EB1 /* ViewController.swift in Sources */ = {isa = PBXBuildFile; fileRef = 06F82F1022F4B2A000F76EB1 /* ViewController.swift */; };
		06F82F1422F4B2A000F76EB1 /* Main.storyboard in Resources */ = {isa = PBXBuildFile; fileRef = 06F82F1222F4B2A000F76EB1 /* Main.storyboard */; };
		06F82F1622F4B2A100F76EB1 /* Assets.xcassets in Resources */ = {isa = PBXBuildFile; fileRef = 06F82F1522F4B2A100F76EB1 /* Assets.xcassets */; };
		06F82F1922F4B2A100F76EB1 /* LaunchScreen.storyboard in Resources */ = {isa = PBXBuildFile; fileRef = 06F82F1722F4B2A100F76EB1 /* LaunchScreen.storyboard */; };
		83203FF822FD88190039A471 /* PinOnGlass.framework in Frameworks */ = {isa = PBXBuildFile; fileRef = 0616E92C22F5C91500D7F96C /* PinOnGlass.framework */; };
		83203FF922FD88190039A471 /* PinOnGlass.framework in Embed Frameworks */ = {isa = PBXBuildFile; fileRef = 0616E92C22F5C91500D7F96C /* PinOnGlass.framework */; settings = {ATTRIBUTES = (CodeSignOnCopy, RemoveHeadersOnCopy, ); }; };
		83203FFE22FD9CD50039A471 /* productTableViewCell.swift in Sources */ = {isa = PBXBuildFile; fileRef = 83203FFB22FD9CD40039A471 /* productTableViewCell.swift */; };
		83203FFF22FD9CD50039A471 /* ShopViewController.swift in Sources */ = {isa = PBXBuildFile; fileRef = 83203FFC22FD9CD50039A471 /* ShopViewController.swift */; };
		8320400022FD9CD50039A471 /* logo_ntt.jpg in Resources */ = {isa = PBXBuildFile; fileRef = 83203FFD22FD9CD50039A471 /* logo_ntt.jpg */; };
/* End PBXBuildFile section */

/* Begin PBXCopyFilesBuildPhase section */
		83203FFA22FD88190039A471 /* Embed Frameworks */ = {
			isa = PBXCopyFilesBuildPhase;
			buildActionMask = 2147483647;
			dstPath = "";
			dstSubfolderSpec = 10;
			files = (
				83203FF922FD88190039A471 /* PinOnGlass.framework in Embed Frameworks */,
			);
			name = "Embed Frameworks";
			runOnlyForDeploymentPostprocessing = 0;
		};
/* End PBXCopyFilesBuildPhase section */

/* Begin PBXFileReference section */
		0616E92C22F5C91500D7F96C /* PinOnGlass.framework */ = {isa = PBXFileReference; explicitFileType = wrapper.framework; path = PinOnGlass.framework; sourceTree = BUILT_PRODUCTS_DIR; };
		06F82F0B22F4B2A000F76EB1 /* POSCart.app */ = {isa = PBXFileReference; explicitFileType = wrapper.application; includeInIndex = 0; path = POSCart.app; sourceTree = BUILT_PRODUCTS_DIR; };
		06F82F0E22F4B2A000F76EB1 /* AppDelegate.swift */ = {isa = PBXFileReference; lastKnownFileType = sourcecode.swift; path = AppDelegate.swift; sourceTree = "<group>"; };
		06F82F1022F4B2A000F76EB1 /* ViewController.swift */ = {isa = PBXFileReference; lastKnownFileType = sourcecode.swift; path = ViewController.swift; sourceTree = "<group>"; };
		06F82F1322F4B2A000F76EB1 /* Base */ = {isa = PBXFileReference; lastKnownFileType = file.storyboard; name = Base; path = Base.lproj/Main.storyboard; sourceTree = "<group>"; };
		06F82F1522F4B2A100F76EB1 /* Assets.xcassets */ = {isa = PBXFileReference; lastKnownFileType = folder.assetcatalog; path = Assets.xcassets; sourceTree = "<group>"; };
		06F82F1822F4B2A100F76EB1 /* Base */ = {isa = PBXFileReference; lastKnownFileType = file.storyboard; name = Base; path = Base.lproj/LaunchScreen.storyboard; sourceTree = "<group>"; };
		06F82F1A22F4B2A100F76EB1 /* Info.plist */ = {isa = PBXFileReference; lastKnownFileType = text.plist.xml; path = Info.plist; sourceTree = "<group>"; };
		83203FFB22FD9CD40039A471 /* productTableViewCell.swift */ = {isa = PBXFileReference; fileEncoding = 4; lastKnownFileType = sourcecode.swift; path = productTableViewCell.swift; sourceTree = "<group>"; };
		83203FFC22FD9CD50039A471 /* ShopViewController.swift */ = {isa = PBXFileReference; fileEncoding = 4; lastKnownFileType = sourcecode.swift; path = ShopViewController.swift; sourceTree = "<group>"; };
		83203FFD22FD9CD50039A471 /* logo_ntt.jpg */ = {isa = PBXFileReference; lastKnownFileType = image.jpeg; path = logo_ntt.jpg; sourceTree = "<group>"; };
/* End PBXFileReference section */

/* Begin PBXFrameworksBuildPhase section */
		06F82F0822F4B2A000F76EB1 /* Frameworks */ = {
			isa = PBXFrameworksBuildPhase;
			buildActionMask = 2147483647;
			files = (
				83203FF822FD88190039A471 /* PinOnGlass.framework in Frameworks */,
				0616E92D22F5C91500D7F96C /* PinOnGlass.framework in Frameworks */,
			);
			runOnlyForDeploymentPostprocessing = 0;
		};
/* End PBXFrameworksBuildPhase section */

/* Begin PBXGroup section */
		06F82F0222F4B2A000F76EB1 = {
			isa = PBXGroup;
			children = (
				06F82F0D22F4B2A000F76EB1 /* POSCart */,
				06F82F0C22F4B2A000F76EB1 /* Products */,
				06F82F2622F4B2D000F76EB1 /* Frameworks */,
			);
			sourceTree = "<group>";
		};
		06F82F0C22F4B2A000F76EB1 /* Products */ = {
			isa = PBXGroup;
			children = (
				06F82F0B22F4B2A000F76EB1 /* POSCart.app */,
			);
			name = Products;
			sourceTree = "<group>";
		};
		06F82F0D22F4B2A000F76EB1 /* POSCart */ = {
			isa = PBXGroup;
			children = (
				06F82F0E22F4B2A000F76EB1 /* AppDelegate.swift */,
				06F82F1022F4B2A000F76EB1 /* ViewController.swift */,
				06F82F1222F4B2A000F76EB1 /* Main.storyboard */,
				83203FFD22FD9CD50039A471 /* logo_ntt.jpg */,
				83203FFB22FD9CD40039A471 /* productTableViewCell.swift */,
				83203FFC22FD9CD50039A471 /* ShopViewController.swift */,
				06F82F1522F4B2A100F76EB1 /* Assets.xcassets */,
				06F82F1722F4B2A100F76EB1 /* LaunchScreen.storyboard */,
				06F82F1A22F4B2A100F76EB1 /* Info.plist */,
			);
			path = POSCart;
			sourceTree = "<group>";
		};
		06F82F2622F4B2D000F76EB1 /* Frameworks */ = {
			isa = PBXGroup;
			children = (
				0616E92C22F5C91500D7F96C /* PinOnGlass.framework */,
			);
			name = Frameworks;
			sourceTree = "<group>";
		};
/* End PBXGroup section */

/* Begin PBXNativeTarget section */
		06F82F0A22F4B2A000F76EB1 /* POSCart */ = {
			isa = PBXNativeTarget;
			buildConfigurationList = 06F82F1D22F4B2A100F76EB1 /* Build configuration list for PBXNativeTarget "POSCart" */;
			buildPhases = (
				06F82F0722F4B2A000F76EB1 /* Sources */,
				06F82F0822F4B2A000F76EB1 /* Frameworks */,
				06F82F0922F4B2A000F76EB1 /* Resources */,
				83203FFA22FD88190039A471 /* Embed Frameworks */,
			);
			buildRules = (
			);
			dependencies = (
			);
			name = POSCart;
			productName = POSCart;
			productReference = 06F82F0B22F4B2A000F76EB1 /* POSCart.app */;
			productType = "com.apple.product-type.application";
		};
/* End PBXNativeTarget section */

/* Begin PBXProject section */
		06F82F0322F4B2A000F76EB1 /* Project object */ = {
			isa = PBXProject;
			attributes = {
				LastSwiftUpdateCheck = 1030;
				LastUpgradeCheck = 1030;
				ORGANIZATIONNAME = NTTDATA;
				TargetAttributes = {
					06F82F0A22F4B2A000F76EB1 = {
						CreatedOnToolsVersion = 10.3;
					};
				};
			};
			buildConfigurationList = 06F82F0622F4B2A000F76EB1 /* Build configuration list for PBXProject "POSCart" */;
			compatibilityVersion = "Xcode 9.3";
			developmentRegion = en;
			hasScannedForEncodings = 0;
			knownRegions = (
				en,
				Base,
			);
			mainGroup = 06F82F0222F4B2A000F76EB1;
			productRefGroup = 06F82F0C22F4B2A000F76EB1 /* Products */;
			projectDirPath = "";
			projectRoot = "";
			targets = (
				06F82F0A22F4B2A000F76EB1 /* POSCart */,
			);
		};
/* End PBXProject section */

/* Begin PBXResourcesBuildPhase section */
		06F82F0922F4B2A000F76EB1 /* Resources */ = {
			isa = PBXResourcesBuildPhase;
			buildActionMask = 2147483647;
			files = (
				06F82F1922F4B2A100F76EB1 /* LaunchScreen.storyboard in Resources */,
				8320400022FD9CD50039A471 /* logo_ntt.jpg in Resources */,
				06F82F1622F4B2A100F76EB1 /* Assets.xcassets in Resources */,
				06F82F1422F4B2A000F76EB1 /* Main.storyboard in Resources */,
			);
			runOnlyForDeploymentPostprocessing = 0;
		};
/* End PBXResourcesBuildPhase section */

/* Begin PBXSourcesBuildPhase section */
		06F82F0722F4B2A000F76EB1 /* Sources */ = {
			isa = PBXSourcesBuildPhase;
			buildActionMask = 2147483647;
			files = (
				83203FFF22FD9CD50039A471 /* ShopViewController.swift in Sources */,
				83203FFE22FD9CD50039A471 /* productTableViewCell.swift in Sources */,
				06F82F1122F4B2A000F76EB1 /* ViewController.swift in Sources */,
				06F82F0F22F4B2A000F76EB1 /* AppDelegate.swift in Sources */,
			);
			runOnlyForDeploymentPostprocessing = 0;
		};
/* End PBXSourcesBuildPhase section */

/* Begin PBXVariantGroup section */
		06F82F1222F4B2A000F76EB1 /* Main.storyboard */ = {
			isa = PBXVariantGroup;
			children = (
				06F82F1322F4B2A000F76EB1 /* Base */,
			);
			name = Main.storyboard;
			sourceTree = "<group>";
		};
		06F82F1722F4B2A100F76EB1 /* LaunchScreen.storyboard */ = {
			isa = PBXVariantGroup;
			children = (
				06F82F1822F4B2A100F76EB1 /* Base */,
			);
			name = LaunchScreen.storyboard;
			sourceTree = "<group>";
		};
/* End PBXVariantGroup section */

/* Begin XCBuildConfiguration section */
		06F82F1B22F4B2A100F76EB1 /* Debug */ = {
			isa = XCBuildConfiguration;
			buildSettings = {
				ALWAYS_SEARCH_USER_PATHS = NO;
				CLANG_ANALYZER_NONNULL = YES;
				CLANG_ANALYZER_NUMBER_OBJECT_CONVERSION = YES_AGGRESSIVE;
				CLANG_CXX_LANGUAGE_STANDARD = "gnu++14";
				CLANG_CXX_LIBRARY = "libc++";
				CLANG_ENABLE_MODULES = YES;
				CLANG_ENABLE_OBJC_ARC = YES;
				CLANG_ENABLE_OBJC_WEAK = YES;
				CLANG_WARN_BLOCK_CAPTURE_AUTORELEASING = YES;
				CLANG_WARN_BOOL_CONVERSION = YES;
				CLANG_WARN_COMMA = YES;
				CLANG_WARN_CONSTANT_CONVERSION = YES;
				CLANG_WARN_DEPRECATED_OBJC_IMPLEMENTATIONS = YES;
				CLANG_WARN_DIRECT_OBJC_ISA_USAGE = YES_ERROR;
				CLANG_WARN_DOCUMENTATION_COMMENTS = YES;
				CLANG_WARN_EMPTY_BODY = YES;
				CLANG_WARN_ENUM_CONVERSION = YES;
				CLANG_WARN_INFINITE_RECURSION = YES;
				CLANG_WARN_INT_CONVERSION = YES;
				CLANG_WARN_NON_LITERAL_NULL_CONVERSION = YES;
				CLANG_WARN_OBJC_IMPLICIT_RETAIN_SELF = YES;
				CLANG_WARN_OBJC_LITERAL_CONVERSION = YES;
				CLANG_WARN_OBJC_ROOT_CLASS = YES_ERROR;
				CLANG_WARN_RANGE_LOOP_ANALYSIS = YES;
				CLANG_WARN_STRICT_PROTOTYPES = YES;
				CLANG_WARN_SUSPICIOUS_MOVE = YES;
				CLANG_WARN_UNGUARDED_AVAILABILITY = YES_AGGRESSIVE;
				CLANG_WARN_UNREACHABLE_CODE = YES;
				CLANG_WARN__DUPLICATE_METHOD_MATCH = YES;
				CODE_SIGN_IDENTITY = "iPhone Developer";
				COPY_PHASE_STRIP = NO;
				DEBUG_INFORMATION_FORMAT = dwarf;
				ENABLE_STRICT_OBJC_MSGSEND = YES;
				ENABLE_TESTABILITY = YES;
				GCC_C_LANGUAGE_STANDARD = gnu11;
				GCC_DYNAMIC_NO_PIC = NO;
				GCC_NO_COMMON_BLOCKS = YES;
				GCC_OPTIMIZATION_LEVEL = 0;
				GCC_PREPROCESSOR_DEFINITIONS = (
					"DEBUG=1",
					"$(inherited)",
				);
				GCC_WARN_64_TO_32_BIT_CONVERSION = YES;
				GCC_WARN_ABOUT_RETURN_TYPE = YES_ERROR;
				GCC_WARN_UNDECLARED_SELECTOR = YES;
				GCC_WARN_UNINITIALIZED_AUTOS = YES_AGGRESSIVE;
				GCC_WARN_UNUSED_FUNCTION = YES;
				GCC_WARN_UNUSED_VARIABLE = YES;
				IPHONEOS_DEPLOYMENT_TARGET = 12.4;
				MTL_ENABLE_DEBUG_INFO = INCLUDE_SOURCE;
				MTL_FAST_MATH = YES;
				ONLY_ACTIVE_ARCH = YES;
				SDKROOT = iphoneos;
				SWIFT_ACTIVE_COMPILATION_CONDITIONS = DEBUG;
				SWIFT_OPTIMIZATION_LEVEL = "-Onone";
			};
			name = Debug;
		};
		06F82F1C22F4B2A100F76EB1 /* Release */ = {
			isa = XCBuildConfiguration;
			buildSettings = {
				ALWAYS_SEARCH_USER_PATHS = NO;
				CLANG_ANALYZER_NONNULL = YES;
				CLANG_ANALYZER_NUMBER_OBJECT_CONVERSION = YES_AGGRESSIVE;
				CLANG_CXX_LANGUAGE_STANDARD = "gnu++14";
				CLANG_CXX_LIBRARY = "libc++";
				CLANG_ENABLE_MODULES = YES;
				CLANG_ENABLE_OBJC_ARC = YES;
				CLANG_ENABLE_OBJC_WEAK = YES;
				CLANG_WARN_BLOCK_CAPTURE_AUTORELEASING = YES;
				CLANG_WARN_BOOL_CONVERSION = YES;
				CLANG_WARN_COMMA = YES;
				CLANG_WARN_CONSTANT_CONVERSION = YES;
				CLANG_WARN_DEPRECATED_OBJC_IMPLEMENTATIONS = YES;
				CLANG_WARN_DIRECT_OBJC_ISA_USAGE = YES_ERROR;
				CLANG_WARN_DOCUMENTATION_COMMENTS = YES;
				CLANG_WARN_EMPTY_BODY = YES;
				CLANG_WARN_ENUM_CONVERSION = YES;
				CLANG_WARN_INFINITE_RECURSION = YES;
				CLANG_WARN_INT_CONVERSION = YES;
				CLANG_WARN_NON_LITERAL_NULL_CONVERSION = YES;
				CLANG_WARN_OBJC_IMPLICIT_RETAIN_SELF = YES;
				CLANG_WARN_OBJC_LITERAL_CONVERSION = YES;
				CLANG_WARN_OBJC_ROOT_CLASS = YES_ERROR;
				CLANG_WARN_RANGE_LOOP_ANALYSIS = YES;
				CLANG_WARN_STRICT_PROTOTYPES = YES;
				CLANG_WARN_SUSPICIOUS_MOVE = YES;
				CLANG_WARN_UNGUARDED_AVAILABILITY = YES_AGGRESSIVE;
				CLANG_WARN_UNREACHABLE_CODE = YES;
				CLANG_WARN__DUPLICATE_METHOD_MATCH = YES;
				CODE_SIGN_IDENTITY = "iPhone Developer";
				COPY_PHASE_STRIP = NO;
				DEBUG_INFORMATION_FORMAT = "dwarf-with-dsym";
				ENABLE_NS_ASSERTIONS = NO;
				ENABLE_STRICT_OBJC_MSGSEND = YES;
				GCC_C_LANGUAGE_STANDARD = gnu11;
				GCC_NO_COMMON_BLOCKS = YES;
				GCC_WARN_64_TO_32_BIT_CONVERSION = YES;
				GCC_WARN_ABOUT_RETURN_TYPE = YES_ERROR;
				GCC_WARN_UNDECLARED_SELECTOR = YES;
				GCC_WARN_UNINITIALIZED_AUTOS = YES_AGGRESSIVE;
				GCC_WARN_UNUSED_FUNCTION = YES;
				GCC_WARN_UNUSED_VARIABLE = YES;
				IPHONEOS_DEPLOYMENT_TARGET = 12.4;
				MTL_ENABLE_DEBUG_INFO = NO;
				MTL_FAST_MATH = YES;
				SDKROOT = iphoneos;
				SWIFT_COMPILATION_MODE = wholemodule;
				SWIFT_OPTIMIZATION_LEVEL = "-O";
				VALIDATE_PRODUCT = YES;
			};
			name = Release;
		};
		06F82F1E22F4B2A100F76EB1 /* Debug */ = {
			isa = XCBuildConfiguration;
			buildSettings = {
				ASSETCATALOG_COMPILER_APPICON_NAME = AppIcon;
				CODE_SIGN_STYLE = Automatic;
				DEVELOPMENT_TEAM = 2C6V6DF7SS;
				INFOPLIST_FILE = POSCart/Info.plist;
				IPHONEOS_DEPLOYMENT_TARGET = 10.0;
				LD_RUNPATH_SEARCH_PATHS = (
					"$(inherited)",
					"@executable_path/Frameworks",
				);
				PRODUCT_BUNDLE_IDENTIFIER = ws.kumar.POSCart;
				PRODUCT_NAME = "$(TARGET_NAME)";
				SWIFT_VERSION = 5.0;
				TARGETED_DEVICE_FAMILY = "1,2";
			};
			name = Debug;
		};
		06F82F1F22F4B2A100F76EB1 /* Release */ = {
			isa = XCBuildConfiguration;
			buildSettings = {
				ASSETCATALOG_COMPILER_APPICON_NAME = AppIcon;
				CODE_SIGN_STYLE = Automatic;
				DEVELOPMENT_TEAM = 2C6V6DF7SS;
				INFOPLIST_FILE = POSCart/Info.plist;
				IPHONEOS_DEPLOYMENT_TARGET = 10.0;
				LD_RUNPATH_SEARCH_PATHS = (
					"$(inherited)",
					"@executable_path/Frameworks",
				);
				PRODUCT_BUNDLE_IDENTIFIER = ws.kumar.POSCart;
				PRODUCT_NAME = "$(TARGET_NAME)";
				SWIFT_VERSION = 5.0;
				TARGETED_DEVICE_FAMILY = "1,2";
			};
			name = Release;
		};
/* End XCBuildConfiguration section */

/* Begin XCConfigurationList section */
		06F82F0622F4B2A000F76EB1 /* Build configuration list for PBXProject "POSCart" */ = {
			isa = XCConfigurationList;
			buildConfigurations = (
				06F82F1B22F4B2A100F76EB1 /* Debug */,
				06F82F1C22F4B2A100F76EB1 /* Release */,
			);
			defaultConfigurationIsVisible = 0;
			defaultConfigurationName = Release;
		};
		06F82F1D22F4B2A100F76EB1 /* Build configuration list for PBXNativeTarget "POSCart" */ = {
			isa = XCConfigurationList;
			buildConfigurations = (
				06F82F1E22F4B2A100F76EB1 /* Debug */,
				06F82F1F22F4B2A100F76EB1 /* Release */,
			);
			defaultConfigurationIsVisible = 0;
			defaultConfigurationName = Release;
		};
/* End XCConfigurationList section */
	};
	rootObject = 06F82F0322F4B2A000F76EB1 /* Project object */;
}
